
Microsoft Visual Studio Solution File, Format Version 12.00
# Visual Studio Version 17
VisualStudioVersion = 17.0.31903.59
MinimumVisualStudioVersion = 10.0.40219.1
Project("{9A19103F-16F7-4668-BE54-9A1E7A4F7556}") = "Eon Error 2503 Repair Tool", "Program\Eon Error 2503 Repair Tool.csproj", "{7EDBA5D5-C6FD-43A0-9648-A1B487198863}"
EndProject
Global
	GlobalSection(SolutionConfigurationPlatforms) = preSolution
		Debug|Any CPU = Debug|Any CPU
		Release|Any CPU = Release|Any CPU
	EndGlobalSection
	GlobalSection(ProjectConfigurationPlatforms) = postSolution
		{7EDBA5D5-C6FD-43A0-9648-A1B487198863}.Debug|Any CPU.ActiveCfg = Debug|Any CPU
		{7EDBA5D5-C6FD-43A0-9648-A1B487198863}.Debug|Any CPU.Build.0 = Debug|Any CPU
		{7EDBA5D5-C6FD-43A0-9648-A1B487198863}.Release|Any CPU.ActiveCfg = Release|Any CPU
		{7EDBA5D5-C6FD-43A0-9648-A1B487198863}.Release|Any CPU.Build.0 = Release|Any CPU
	EndGlobalSection
	GlobalSection(SolutionProperties) = preSolution
		HideSolutionNode = FALSE
	EndGlobalSection
EndGlobal
